
Microsoft Visual Studio Solution File, Format Version 12.00
# Visual Studio Version 17
VisualStudioVersion = 17.4.33205.214
MinimumVisualStudioVersion = 10.0.40219.1
Project("{9A19103F-16F7-4668-BE54-9A1E7A4F7556}") = "Various.Sample", "Various.Sample\Various.Sample.csproj", "{A1DD3D17-B9F5-40FF-B863-0AACCE34599D}"
EndProject
Project("{9A19103F-16F7-4668-BE54-9A1E7A4F7556}") = "Various.Wpf", "Various.Wpf\Various.Wpf.csproj", "{0566CF6B-20F7-46E8-87A5-3926E23C0A59}"
EndProject
Project("{FAE04EC0-301F-11D3-BF4B-00C04F79EFBC}") = "Various.Utils", "Various.Utils\Various.Utils.csproj", "{8BE55305-93D9-44CE-80C6-0EE024C17BFC}"
EndProject
Project("{FAE04EC0-301F-11D3-BF4B-00C04F79EFBC}") = "Various.Utils.Tests", "Various.Utils.Tests\Various.Utils.Tests.csproj", "{B7451AA2-2EF7-465C-9D21-F059D5EAB83C}"
EndProject
Project("{FAE04EC0-301F-11D3-BF4B-00C04F79EFBC}") = "Various.Wpf.Tests", "Various.Wpf.Tests\Various.Wpf.Tests.csproj", "{DAAC5FB5-5B87-473A-9957-AECA53E06113}"
EndProject
Global
	GlobalSection(SolutionConfigurationPlatforms) = preSolution
		Debug|Any CPU = Debug|Any CPU
		Release|Any CPU = Release|Any CPU
	EndGlobalSection
	GlobalSection(ProjectConfigurationPlatforms) = postSolution
		{A1DD3D17-B9F5-40FF-B863-0AACCE34599D}.Debug|Any CPU.ActiveCfg = Debug|Any CPU
		{A1DD3D17-B9F5-40FF-B863-0AACCE34599D}.Debug|Any CPU.Build.0 = Debug|Any CPU
		{A1DD3D17-B9F5-40FF-B863-0AACCE34599D}.Release|Any CPU.ActiveCfg = Release|Any CPU
		{A1DD3D17-B9F5-40FF-B863-0AACCE34599D}.Release|Any CPU.Build.0 = Release|Any CPU
		{0566CF6B-20F7-46E8-87A5-3926E23C0A59}.Debug|Any CPU.ActiveCfg = Debug|Any CPU
		{0566CF6B-20F7-46E8-87A5-3926E23C0A59}.Debug|Any CPU.Build.0 = Debug|Any CPU
		{0566CF6B-20F7-46E8-87A5-3926E23C0A59}.Release|Any CPU.ActiveCfg = Release|Any CPU
		{0566CF6B-20F7-46E8-87A5-3926E23C0A59}.Release|Any CPU.Build.0 = Release|Any CPU
		{8BE55305-93D9-44CE-80C6-0EE024C17BFC}.Debug|Any CPU.ActiveCfg = Debug|Any CPU
		{8BE55305-93D9-44CE-80C6-0EE024C17BFC}.Debug|Any CPU.Build.0 = Debug|Any CPU
		{8BE55305-93D9-44CE-80C6-0EE024C17BFC}.Release|Any CPU.ActiveCfg = Release|Any CPU
		{8BE55305-93D9-44CE-80C6-0EE024C17BFC}.Release|Any CPU.Build.0 = Release|Any CPU
		{B7451AA2-2EF7-465C-9D21-F059D5EAB83C}.Debug|Any CPU.ActiveCfg = Debug|Any CPU
		{B7451AA2-2EF7-465C-9D21-F059D5EAB83C}.Debug|Any CPU.Build.0 = Debug|Any CPU
		{B7451AA2-2EF7-465C-9D21-F059D5EAB83C}.Release|Any CPU.ActiveCfg = Release|Any CPU
		{B7451AA2-2EF7-465C-9D21-F059D5EAB83C}.Release|Any CPU.Build.0 = Release|Any CPU
		{DAAC5FB5-5B87-473A-9957-AECA53E06113}.Debug|Any CPU.ActiveCfg = Debug|Any CPU
		{DAAC5FB5-5B87-473A-9957-AECA53E06113}.Debug|Any CPU.Build.0 = Debug|Any CPU
		{DAAC5FB5-5B87-473A-9957-AECA53E06113}.Release|Any CPU.ActiveCfg = Release|Any CPU
		{DAAC5FB5-5B87-473A-9957-AECA53E06113}.Release|Any CPU.Build.0 = Release|Any CPU
	EndGlobalSection
	GlobalSection(SolutionProperties) = preSolution
		HideSolutionNode = FALSE
	EndGlobalSection
	GlobalSection(ExtensibilityGlobals) = postSolution
		SolutionGuid = {E7F70AB2-A971-41BD-B35C-DE2B9F353FF0}
	EndGlobalSection
EndGlobal
